
Microsoft Visual Studio Solution File, Format Version 12.00
# Visual Studio Version 16
VisualStudioVersion = 16.0.29519.181
MinimumVisualStudioVersion = 10.0.40219.1
Project("{9A19103F-16F7-4668-BE54-9A1E7A4F7556}") = "dotnet-structuring", "src\dotnet-structuring\dotnet-structuring.csproj", "{5E95923A-1708-4023-B410-F96982AA8AFD}"
EndProject
Project("{9A19103F-16F7-4668-BE54-9A1E7A4F7556}") = "dotnet-structuring.library", "src\dotnet-structuring.library\dotnet-structuring.library.csproj", "{998E07F6-D336-4A63-B466-CB6FBCE0D396}"
EndProject
Project("{9A19103F-16F7-4668-BE54-9A1E7A4F7556}") = "dotnet-structuring.console", "src\dotnet-structuring.console\dotnet-structuring.console.csproj", "{2A6BE53E-D0BD-4F80-B15C-7C9324F8BF80}"
EndProject
Project("{FAE04EC0-301F-11D3-BF4B-00C04F79EFBC}") = "dotnet-structuring.tests", "tests\dotnet-structuring.tests\dotnet-structuring.tests.csproj", "{1186EBFC-8644-4502-B669-BEDB21B88AF8}"
EndProject
Global
	GlobalSection(SolutionConfigurationPlatforms) = preSolution
		Debug|Any CPU = Debug|Any CPU
		Release|Any CPU = Release|Any CPU
	EndGlobalSection
	GlobalSection(ProjectConfigurationPlatforms) = postSolution
		{5E95923A-1708-4023-B410-F96982AA8AFD}.Debug|Any CPU.ActiveCfg = Debug|Any CPU
		{5E95923A-1708-4023-B410-F96982AA8AFD}.Debug|Any CPU.Build.0 = Debug|Any CPU
		{5E95923A-1708-4023-B410-F96982AA8AFD}.Release|Any CPU.ActiveCfg = Release|Any CPU
		{5E95923A-1708-4023-B410-F96982AA8AFD}.Release|Any CPU.Build.0 = Release|Any CPU
		{998E07F6-D336-4A63-B466-CB6FBCE0D396}.Debug|Any CPU.ActiveCfg = Debug|Any CPU
		{998E07F6-D336-4A63-B466-CB6FBCE0D396}.Debug|Any CPU.Build.0 = Debug|Any CPU
		{998E07F6-D336-4A63-B466-CB6FBCE0D396}.Release|Any CPU.ActiveCfg = Release|Any CPU
		{998E07F6-D336-4A63-B466-CB6FBCE0D396}.Release|Any CPU.Build.0 = Release|Any CPU
		{2A6BE53E-D0BD-4F80-B15C-7C9324F8BF80}.Debug|Any CPU.ActiveCfg = Debug|Any CPU
		{2A6BE53E-D0BD-4F80-B15C-7C9324F8BF80}.Debug|Any CPU.Build.0 = Debug|Any CPU
		{2A6BE53E-D0BD-4F80-B15C-7C9324F8BF80}.Release|Any CPU.ActiveCfg = Release|Any CPU
		{2A6BE53E-D0BD-4F80-B15C-7C9324F8BF80}.Release|Any CPU.Build.0 = Release|Any CPU
		{1186EBFC-8644-4502-B669-BEDB21B88AF8}.Debug|Any CPU.ActiveCfg = Debug|Any CPU
		{1186EBFC-8644-4502-B669-BEDB21B88AF8}.Debug|Any CPU.Build.0 = Debug|Any CPU
		{1186EBFC-8644-4502-B669-BEDB21B88AF8}.Release|Any CPU.ActiveCfg = Release|Any CPU
		{1186EBFC-8644-4502-B669-BEDB21B88AF8}.Release|Any CPU.Build.0 = Release|Any CPU
	EndGlobalSection
	GlobalSection(SolutionProperties) = preSolution
		HideSolutionNode = FALSE
	EndGlobalSection
	GlobalSection(ExtensibilityGlobals) = postSolution
		SolutionGuid = {7449C97F-4391-47AD-AB66-8DEFB81DEF3F}
	EndGlobalSection
EndGlobal
